
Microsoft Visual Studio Solution File, Format Version 12.00
# Visual Studio Version 16
VisualStudioVersion = 16.0.29324.140
MinimumVisualStudioVersion = 10.0.40219.1
Project("{FAE04EC0-301F-11D3-BF4B-00C04F79EFBC}") = "Super.Grpc.Server", "Super.Grpc.Server\Super.Grpc.Server.csproj", "{7F400A2E-D056-4F4E-811B-1F9E54A3248B}"
EndProject
Project("{FAE04EC0-301F-11D3-BF4B-00C04F79EFBC}") = "Super.Grpc.Client", "Super.Grpc.Client\Super.Grpc.Client.csproj", "{77D74C1A-C4C0-469F-92B5-FB078AAF4C49}"
EndProject
Global
	GlobalSection(SolutionConfigurationPlatforms) = preSolution
		Debug|Any CPU = Debug|Any CPU
		Release|Any CPU = Release|Any CPU
	EndGlobalSection
	GlobalSection(ProjectConfigurationPlatforms) = postSolution
		{7F400A2E-D056-4F4E-811B-1F9E54A3248B}.Debug|Any CPU.ActiveCfg = Debug|Any CPU
		{7F400A2E-D056-4F4E-811B-1F9E54A3248B}.Debug|Any CPU.Build.0 = Debug|Any CPU
		{7F400A2E-D056-4F4E-811B-1F9E54A3248B}.Release|Any CPU.ActiveCfg = Release|Any CPU
		{7F400A2E-D056-4F4E-811B-1F9E54A3248B}.Release|Any CPU.Build.0 = Release|Any CPU
		{77D74C1A-C4C0-469F-92B5-FB078AAF4C49}.Debug|Any CPU.ActiveCfg = Debug|Any CPU
		{77D74C1A-C4C0-469F-92B5-FB078AAF4C49}.Debug|Any CPU.Build.0 = Debug|Any CPU
		{77D74C1A-C4C0-469F-92B5-FB078AAF4C49}.Release|Any CPU.ActiveCfg = Release|Any CPU
		{77D74C1A-C4C0-469F-92B5-FB078AAF4C49}.Release|Any CPU.Build.0 = Release|Any CPU
	EndGlobalSection
	GlobalSection(SolutionProperties) = preSolution
		HideSolutionNode = FALSE
	EndGlobalSection
	GlobalSection(ExtensibilityGlobals) = postSolution
		SolutionGuid = {11CECB0A-2366-4F0F-A00F-4B046126D6D0}
	EndGlobalSection
EndGlobal
